
Microsoft Visual Studio Solution File, Format Version 12.00
# Visual Studio Version 16
VisualStudioVersion = 16.0.31320.298
MinimumVisualStudioVersion = 10.0.40219.1
Project("{FAE04EC0-301F-11D3-BF4B-00C04F79EFBC}") = "HomeCalisma", "HomeCalisma.csproj", "{060CF030-C8AC-413A-88E7-71C3FE4E41DC}"
EndProject
Global
	GlobalSection(SolutionConfigurationPlatforms) = preSolution
		Debug|Any CPU = Debug|Any CPU
		Release|Any CPU = Release|Any CPU
	EndGlobalSection
	GlobalSection(ProjectConfigurationPlatforms) = postSolution
		{060CF030-C8AC-413A-88E7-71C3FE4E41DC}.Debug|Any CPU.ActiveCfg = Debug|Any CPU
		{060CF030-C8AC-413A-88E7-71C3FE4E41DC}.Debug|Any CPU.Build.0 = Debug|Any CPU
		{060CF030-C8AC-413A-88E7-71C3FE4E41DC}.Release|Any CPU.ActiveCfg = Release|Any CPU
		{060CF030-C8AC-413A-88E7-71C3FE4E41DC}.Release|Any CPU.Build.0 = Release|Any CPU
	EndGlobalSection
	GlobalSection(SolutionProperties) = preSolution
		HideSolutionNode = FALSE
	EndGlobalSection
	GlobalSection(ExtensibilityGlobals) = postSolution
		SolutionGuid = {59F08368-2826-4FFD-9635-A6886FEB186F}
	EndGlobalSection
EndGlobal
